
Microsoft Visual Studio Solution File, Format Version 12.00
# Visual Studio 14
VisualStudioVersion = 14.0.25420.1
MinimumVisualStudioVersion = 10.0.40219.1
Project("{FAE04EC0-301F-11D3-BF4B-00C04F79EFBC}") = "WebDeveloper.API", "WebDeveloper.API\WebDeveloper.API.csproj", "{DF857A20-A3E0-4E40-AABB-434C3AB4E2FD}"
EndProject
Project("{FAE04EC0-301F-11D3-BF4B-00C04F79EFBC}") = "WebDeveloper.Model", "WebDeveloper.Model\WebDeveloper.Model.csproj", "{8A219854-F40B-4E3A-9723-F144A425F135}"
EndProject
Project("{FAE04EC0-301F-11D3-BF4B-00C04F79EFBC}") = "WebDeveloper.Repository", "WebDeveloper.Repository\WebDeveloper.Repository.csproj", "{91CE4695-5E4D-4B19-994B-177107D75F62}"
EndProject
Global
	GlobalSection(SolutionConfigurationPlatforms) = preSolution
		Debug|Any CPU = Debug|Any CPU
		Release|Any CPU = Release|Any CPU
	EndGlobalSection
	GlobalSection(ProjectConfigurationPlatforms) = postSolution
		{DF857A20-A3E0-4E40-AABB-434C3AB4E2FD}.Debug|Any CPU.ActiveCfg = Debug|Any CPU
		{DF857A20-A3E0-4E40-AABB-434C3AB4E2FD}.Debug|Any CPU.Build.0 = Debug|Any CPU
		{DF857A20-A3E0-4E40-AABB-434C3AB4E2FD}.Release|Any CPU.ActiveCfg = Release|Any CPU
		{DF857A20-A3E0-4E40-AABB-434C3AB4E2FD}.Release|Any CPU.Build.0 = Release|Any CPU
		{8A219854-F40B-4E3A-9723-F144A425F135}.Debug|Any CPU.ActiveCfg = Debug|Any CPU
		{8A219854-F40B-4E3A-9723-F144A425F135}.Debug|Any CPU.Build.0 = Debug|Any CPU
		{8A219854-F40B-4E3A-9723-F144A425F135}.Release|Any CPU.ActiveCfg = Release|Any CPU
		{8A219854-F40B-4E3A-9723-F144A425F135}.Release|Any CPU.Build.0 = Release|Any CPU
		{91CE4695-5E4D-4B19-994B-177107D75F62}.Debug|Any CPU.ActiveCfg = Debug|Any CPU
		{91CE4695-5E4D-4B19-994B-177107D75F62}.Debug|Any CPU.Build.0 = Debug|Any CPU
		{91CE4695-5E4D-4B19-994B-177107D75F62}.Release|Any CPU.ActiveCfg = Release|Any CPU
		{91CE4695-5E4D-4B19-994B-177107D75F62}.Release|Any CPU.Build.0 = Release|Any CPU
	EndGlobalSection
	GlobalSection(SolutionProperties) = preSolution
		HideSolutionNode = FALSE
	EndGlobalSection
EndGlobal
